github.com/leizongmin/test-one-go-mod-multi-version/common v0.0.0-20221208125747-557ea14cb295 h1:DRS8maAusXBhQb2c+xI9vVu04Ms2C4zXvzd4SxpuNwg=
github.com/leizongmin/test-one-go-mod-multi-version/common v0.0.0-20221208125747-557ea14cb295/go.mod h1:DTTFn6vFBDoesWrLtS5fTJ1pH+58rQ0irSFV1V2e5a4=
github.com/leizongmin/test-one-go-mod-multi-version/module1 v0.0.0-20221208130519-ee3974b268ba h1:FNPSAQq7EJStEsbD2ogLqNzJY7KN9er99H09ukkkO4Y=
github.com/leizongmin/test-one-go-mod-multi-version/module1 v0.0.0-20221208130519-ee3974b268ba/go.mod h1:SrjEqYrw3ngc6qbunjc8DvIQBWa1YZxrvsFwAGe6GJk=
